
Microsoft Visual Studio Solution File, Format Version 12.00
# Visual Studio Version 17
VisualStudioVersion = 17.6.33513.286
MinimumVisualStudioVersion = 10.0.40219.1
Project("{FAE04EC0-301F-11D3-BF4B-00C04F79EFBC}") = "Backend", "Backend\Backend.csproj", "{7A3472C9-CC02-488C-871A-0A3EA05E8802}"
EndProject
Global
	GlobalSection(SolutionConfigurationPlatforms) = preSolution
		Debug|Any CPU = Debug|Any CPU
		Release|Any CPU = Release|Any CPU
	EndGlobalSection
	GlobalSection(ProjectConfigurationPlatforms) = postSolution
		{7A3472C9-CC02-488C-871A-0A3EA05E8802}.Debug|Any CPU.ActiveCfg = Debug|Any CPU
		{7A3472C9-CC02-488C-871A-0A3EA05E8802}.Debug|Any CPU.Build.0 = Debug|Any CPU
		{7A3472C9-CC02-488C-871A-0A3EA05E8802}.Release|Any CPU.ActiveCfg = Release|Any CPU
		{7A3472C9-CC02-488C-871A-0A3EA05E8802}.Release|Any CPU.Build.0 = Release|Any CPU
	EndGlobalSection
	GlobalSection(SolutionProperties) = preSolution
		HideSolutionNode = FALSE
	EndGlobalSection
	GlobalSection(ExtensibilityGlobals) = postSolution
		SolutionGuid = {727976D3-5AA4-45C6-8E70-16695D62CE5D}
	EndGlobalSection
EndGlobal
